// !$*UTF8*$!
{
	archiveVersion = 1;
	classes = {
	};
	objectVersion = 46;
	objects = {

/* Begin PBXBuildFile section */
		149B36471CB9FDF900E68ED0 /* BaseModel.m in Sources */ = {isa = PBXBuildFile; fileRef = 149B36461CB9FDF900E68ED0 /* BaseModel.m */; };
		14B47F921CB750FF003C8B58 /* main.m in Sources */ = {isa = PBXBuildFile; fileRef = 14B47F911CB750FF003C8B58 /* main.m */; };
		14B47F951CB750FF003C8B58 /* AppDelegate.m in Sources */ = {isa = PBXBuildFile; fileRef = 14B47F941CB750FF003C8B58 /* AppDelegate.m */; };
		14B47F9D1CB750FF003C8B58 /* Assets.xcassets in Resources */ = {isa = PBXBuildFile; fileRef = 14B47F9C1CB750FF003C8B58 /* Assets.xcassets */; };
/* End PBXBuildFile section */

/* Begin PBXFileReference section */
		149B36451CB9FDF900E68ED0 /* BaseModel.h */ = {isa = PBXFileReference; fileEncoding = 4; lastKnownFileType = sourcecode.c.h; path = BaseModel.h; sourceTree = "<group>"; };
		149B36461CB9FDF900E68ED0 /* BaseModel.m */ = {isa = PBXFileReference; fileEncoding = 4; lastKnownFileType = sourcecode.c.objc; path = BaseModel.m; sourceTree = "<group>"; };
		149B36481CBA03D700E68ED0 /* 使用说明.h */ = {isa = PBXFileReference; lastKnownFileType = sourcecode.c.h; path = "使用说明.h"; sourceTree = "<group>"; };
		14B47F8D1CB750FF003C8B58 /* DevelopmentNotes.app */ = {isa = PBXFileReference; explicitFileType = wrapper.application; includeInIndex = 0; path = DevelopmentNotes.app; sourceTree = BUILT_PRODUCTS_DIR; };
		14B47F911CB750FF003C8B58 /* main.m */ = {isa = PBXFileReference; lastKnownFileType = sourcecode.c.objc; path = main.m; sourceTree = "<group>"; };
		14B47F931CB750FF003C8B58 /* AppDelegate.h */ = {isa = PBXFileReference; lastKnownFileType = sourcecode.c.h; path = AppDelegate.h; sourceTree = "<group>"; };
		14B47F941CB750FF003C8B58 /* AppDelegate.m */ = {isa = PBXFileReference; lastKnownFileType = sourcecode.c.objc; path = AppDelegate.m; sourceTree = "<group>"; };
		14B47F9C1CB750FF003C8B58 /* Assets.xcassets */ = {isa = PBXFileReference; lastKnownFileType = folder.assetcatalog; path = Assets.xcassets; sourceTree = "<group>"; };
		14B47FA11CB750FF003C8B58 /* Info.plist */ = {isa = PBXFileReference; lastKnownFileType = text.plist.xml; path = Info.plist; sourceTree = "<group>"; };
/* End PBXFileReference section */

/* Begin PBXFrameworksBuildPhase section */
		14B47F8A1CB750FF003C8B58 /* Frameworks */ = {
			isa = PBXFrameworksBuildPhase;
			buildActionMask = 2147483647;
			files = (
			);
			runOnlyForDeploymentPostprocessing = 0;
		};
/* End PBXFrameworksBuildPhase section */

/* Begin PBXGroup section */
		14B47F841CB750FF003C8B58 = {
			isa = PBXGroup;
			children = (
				14B47F8F1CB750FF003C8B58 /* DevelopmentNotes */,
				14B47F8E1CB750FF003C8B58 /* Products */,
			);
			sourceTree = "<group>";
		};
		14B47F8E1CB750FF003C8B58 /* Products */ = {
			isa = PBXGroup;
			children = (
				14B47F8D1CB750FF003C8B58 /* DevelopmentNotes.app */,
			);
			name = Products;
			sourceTree = "<group>";
		};
		14B47F8F1CB750FF003C8B58 /* DevelopmentNotes */ = {
			isa = PBXGroup;
			children = (
				14B47F931CB750FF003C8B58 /* AppDelegate.h */,
				14B47F941CB750FF003C8B58 /* AppDelegate.m */,
				14B47FAC1CB76205003C8B58 /* 字典转模型 */,
				14B47F901CB750FF003C8B58 /* Supporting Files */,
			);
			path = DevelopmentNotes;
			sourceTree = "<group>";
		};
		14B47F901CB750FF003C8B58 /* Supporting Files */ = {
			isa = PBXGroup;
			children = (
				14B47FA11CB750FF003C8B58 /* Info.plist */,
				14B47F9C1CB750FF003C8B58 /* Assets.xcassets */,
				14B47F911CB750FF003C8B58 /* main.m */,
			);
			name = "Supporting Files";
			sourceTree = "<group>";
		};
		14B47FAC1CB76205003C8B58 /* 字典转模型 */ = {
			isa = PBXGroup;
			children = (
				149B36481CBA03D700E68ED0 /* 使用说明.h */,
				149B36451CB9FDF900E68ED0 /* BaseModel.h */,
				149B36461CB9FDF900E68ED0 /* BaseModel.m */,
			);
			path = "字典转模型";
			sourceTree = "<group>";
		};
/* End PBXGroup section */

/* Begin PBXNativeTarget section */
		14B47F8C1CB750FF003C8B58 /* DevelopmentNotes */ = {
			isa = PBXNativeTarget;
			buildConfigurationList = 14B47FA41CB750FF003C8B58 /* Build configuration list for PBXNativeTarget "DevelopmentNotes" */;
			buildPhases = (
				14B47F891CB750FF003C8B58 /* Sources */,
				14B47F8A1CB750FF003C8B58 /* Frameworks */,
				14B47F8B1CB750FF003C8B58 /* Resources */,
			);
			buildRules = (
			);
			dependencies = (
			);
			name = DevelopmentNotes;
			productName = DevelopmentNotes;
			productReference = 14B47F8D1CB750FF003C8B58 /* DevelopmentNotes.app */;
			productType = "com.apple.product-type.application";
		};
/* End PBXNativeTarget section */

/* Begin PBXProject section */
		14B47F851CB750FF003C8B58 /* Project object */ = {
			isa = PBXProject;
			attributes = {
				LastUpgradeCheck = 0730;
				ORGANIZATIONNAME = QUAN;
				TargetAttributes = {
					14B47F8C1CB750FF003C8B58 = {
						CreatedOnToolsVersion = 7.3;
					};
				};
			};
			buildConfigurationList = 14B47F881CB750FF003C8B58 /* Build configuration list for PBXProject "DevelopmentNotes" */;
			compatibilityVersion = "Xcode 3.2";
			developmentRegion = English;
			hasScannedForEncodings = 0;
			knownRegions = (
				en,
				Base,
			);
			mainGroup = 14B47F841CB750FF003C8B58;
			productRefGroup = 14B47F8E1CB750FF003C8B58 /* Products */;
			projectDirPath = "";
			projectRoot = "";
			targets = (
				14B47F8C1CB750FF003C8B58 /* DevelopmentNotes */,
			);
		};
/* End PBXProject section */

/* Begin PBXResourcesBuildPhase section */
		14B47F8B1CB750FF003C8B58 /* Resources */ = {
			isa = PBXResourcesBuildPhase;
			buildActionMask = 2147483647;
			files = (
				14B47F9D1CB750FF003C8B58 /* Assets.xcassets in Resources */,
			);
			runOnlyForDeploymentPostprocessing = 0;
		};
/* End PBXResourcesBuildPhase section */

/* Begin PBXSourcesBuildPhase section */
		14B47F891CB750FF003C8B58 /* Sources */ = {
			isa = PBXSourcesBuildPhase;
			buildActionMask = 2147483647;
			files = (
				149B36471CB9FDF900E68ED0 /* BaseModel.m in Sources */,
				14B47F951CB750FF003C8B58 /* AppDelegate.m in Sources */,
				14B47F921CB750FF003C8B58 /* main.m in Sources */,
			);
			runOnlyForDeploymentPostprocessing = 0;
		};
/* End PBXSourcesBuildPhase section */

/* Begin XCBuildConfiguration section */
		14B47FA21CB750FF003C8B58 /* Debug */ = {
			isa = XCBuildConfiguration;
			buildSettings = {
				ALWAYS_SEARCH_USER_PATHS = NO;
				CLANG_ANALYZER_NONNULL = YES;
				CLANG_CXX_LANGUAGE_STANDARD = "gnu++0x";
				CLANG_CXX_LIBRARY = "libc++";
				CLANG_ENABLE_MODULES = YES;
				CLANG_ENABLE_OBJC_ARC = YES;
				CLANG_WARN_BOOL_CONVERSION = YES;
				CLANG_WARN_CONSTANT_CONVERSION = YES;
				CLANG_WARN_DIRECT_OBJC_ISA_USAGE = YES_ERROR;
				CLANG_WARN_EMPTY_BODY = YES;
				CLANG_WARN_ENUM_CONVERSION = YES;
				CLANG_WARN_INT_CONVERSION = YES;
				CLANG_WARN_OBJC_ROOT_CLASS = YES_ERROR;
				CLANG_WARN_UNREACHABLE_CODE = YES;
				CLANG_WARN__DUPLICATE_METHOD_MATCH = YES;
				"CODE_SIGN_IDENTITY[sdk=iphoneos*]" = "iPhone Developer";
				COPY_PHASE_STRIP = NO;
				DEBUG_INFORMATION_FORMAT = dwarf;
				ENABLE_STRICT_OBJC_MSGSEND = YES;
				ENABLE_TESTABILITY = YES;
				GCC_C_LANGUAGE_STANDARD = gnu99;
				GCC_DYNAMIC_NO_PIC = NO;
				GCC_NO_COMMON_BLOCKS = YES;
				GCC_OPTIMIZATION_LEVEL = 0;
				GCC_PREPROCESSOR_DEFINITIONS = (
					"DEBUG=1",
					"$(inherited)",
				);
				GCC_WARN_64_TO_32_BIT_CONVERSION = YES;
				GCC_WARN_ABOUT_RETURN_TYPE = YES_ERROR;
				GCC_WARN_UNDECLARED_SELECTOR = YES;
				GCC_WARN_UNINITIALIZED_AUTOS = YES_AGGRESSIVE;
				GCC_WARN_UNUSED_FUNCTION = YES;
				GCC_WARN_UNUSED_VARIABLE = YES;
				IPHONEOS_DEPLOYMENT_TARGET = 9.3;
				MTL_ENABLE_DEBUG_INFO = YES;
				ONLY_ACTIVE_ARCH = YES;
				SDKROOT = iphoneos;
			};
			name = Debug;
		};
		14B47FA31CB750FF003C8B58 /* Release */ = {
			isa = XCBuildConfiguration;
			buildSettings = {
				ALWAYS_SEARCH_USER_PATHS = NO;
				CLANG_ANALYZER_NONNULL = YES;
				CLANG_CXX_LANGUAGE_STANDARD = "gnu++0x";
				CLANG_CXX_LIBRARY = "libc++";
				CLANG_ENABLE_MODULES = YES;
				CLANG_ENABLE_OBJC_ARC = YES;
				CLANG_WARN_BOOL_CONVERSION = YES;
				CLANG_WARN_CONSTANT_CONVERSION = YES;
				CLANG_WARN_DIRECT_OBJC_ISA_USAGE = YES_ERROR;
				CLANG_WARN_EMPTY_BODY = YES;
				CLANG_WARN_ENUM_CONVERSION = YES;
				CLANG_WARN_INT_CONVERSION = YES;
				CLANG_WARN_OBJC_ROOT_CLASS = YES_ERROR;
				CLANG_WARN_UNREACHABLE_CODE = YES;
				CLANG_WARN__DUPLICATE_METHOD_MATCH = YES;
				"CODE_SIGN_IDENTITY[sdk=iphoneos*]" = "iPhone Developer";
				COPY_PHASE_STRIP = NO;
				DEBUG_INFORMATION_FORMAT = "dwarf-with-dsym";
				ENABLE_NS_ASSERTIONS = NO;
				ENABLE_STRICT_OBJC_MSGSEND = YES;
				GCC_C_LANGUAGE_STANDARD = gnu99;
				GCC_NO_COMMON_BLOCKS = YES;
				GCC_WARN_64_TO_32_BIT_CONVERSION = YES;
				GCC_WARN_ABOUT_RETURN_TYPE = YES_ERROR;
				GCC_WARN_UNDECLARED_SELECTOR = YES;
				GCC_WARN_UNINITIALIZED_AUTOS = YES_AGGRESSIVE;
				GCC_WARN_UNUSED_FUNCTION = YES;
				GCC_WARN_UNUSED_VARIABLE = YES;
				IPHONEOS_DEPLOYMENT_TARGET = 9.3;
				MTL_ENABLE_DEBUG_INFO = NO;
				SDKROOT = iphoneos;
				VALIDATE_PRODUCT = YES;
			};
			name = Release;
		};
		14B47FA51CB750FF003C8B58 /* Debug */ = {
			isa = XCBuildConfiguration;
			buildSettings = {
				ASSETCATALOG_COMPILER_APPICON_NAME = AppIcon;
				ASSETCATALOG_COMPILER_LAUNCHIMAGE_NAME = "Brand Assets";
				INFOPLIST_FILE = DevelopmentNotes/Info.plist;
				LD_RUNPATH_SEARCH_PATHS = "$(inherited) @executable_path/Frameworks";
				PRODUCT_BUNDLE_IDENTIFIER = cn.QUAN.DevelopmentNotes;
				PRODUCT_NAME = "$(TARGET_NAME)";
			};
			name = Debug;
		};
		14B47FA61CB750FF003C8B58 /* Release */ = {
			isa = XCBuildConfiguration;
			buildSettings = {
				ASSETCATALOG_COMPILER_APPICON_NAME = AppIcon;
				ASSETCATALOG_COMPILER_LAUNCHIMAGE_NAME = "Brand Assets";
				INFOPLIST_FILE = DevelopmentNotes/Info.plist;
				LD_RUNPATH_SEARCH_PATHS = "$(inherited) @executable_path/Frameworks";
				PRODUCT_BUNDLE_IDENTIFIER = cn.QUAN.DevelopmentNotes;
				PRODUCT_NAME = "$(TARGET_NAME)";
			};
			name = Release;
		};
/* End XCBuildConfiguration section */

/* Begin XCConfigurationList section */
		14B47F881CB750FF003C8B58 /* Build configuration list for PBXProject "DevelopmentNotes" */ = {
			isa = XCConfigurationList;
			buildConfigurations = (
				14B47FA21CB750FF003C8B58 /* Debug */,
				14B47FA31CB750FF003C8B58 /* Release */,
			);
			defaultConfigurationIsVisible = 0;
			defaultConfigurationName = Release;
		};
		14B47FA41CB750FF003C8B58 /* Build configuration list for PBXNativeTarget "DevelopmentNotes" */ = {
			isa = XCConfigurationList;
			buildConfigurations = (
				14B47FA51CB750FF003C8B58 /* Debug */,
				14B47FA61CB750FF003C8B58 /* Release */,
			);
			defaultConfigurationIsVisible = 0;
			defaultConfigurationName = Release;
		};
/* End XCConfigurationList section */
	};
	rootObject = 14B47F851CB750FF003C8B58 /* Project object */;
}
